
Microsoft Visual Studio Solution File, Format Version 12.00
# Visual Studio Version 16
VisualStudioVersion = 16.0.30225.117
MinimumVisualStudioVersion = 10.0.40219.1
Project("{FAE04EC0-301F-11D3-BF4B-00C04F79EFBC}") = "BookList", "BookList.csproj", "{CE6FD85B-64FF-462C-8A36-C2BC57B8B2EB}"
EndProject
Global
	GlobalSection(SolutionConfigurationPlatforms) = preSolution
		Debug|Any CPU = Debug|Any CPU
		Release|Any CPU = Release|Any CPU
	EndGlobalSection
	GlobalSection(ProjectConfigurationPlatforms) = postSolution
		{CE6FD85B-64FF-462C-8A36-C2BC57B8B2EB}.Debug|Any CPU.ActiveCfg = Debug|Any CPU
		{CE6FD85B-64FF-462C-8A36-C2BC57B8B2EB}.Debug|Any CPU.Build.0 = Debug|Any CPU
		{CE6FD85B-64FF-462C-8A36-C2BC57B8B2EB}.Release|Any CPU.ActiveCfg = Release|Any CPU
		{CE6FD85B-64FF-462C-8A36-C2BC57B8B2EB}.Release|Any CPU.Build.0 = Release|Any CPU
	EndGlobalSection
	GlobalSection(SolutionProperties) = preSolution
		HideSolutionNode = FALSE
	EndGlobalSection
	GlobalSection(ExtensibilityGlobals) = postSolution
		SolutionGuid = {9A23BD28-8F19-477C-AD5B-05222D83CE8F}
	EndGlobalSection
EndGlobal
